
Microsoft Visual Studio Solution File, Format Version 12.00
# Visual Studio 15
VisualStudioVersion = 15.0.28307.645
MinimumVisualStudioVersion = 10.0.40219.1
Project("{FAE04EC0-301F-11D3-BF4B-00C04F79EFBC}") = "GozdeCOR", "GozdeCOR\GozdeCOR.csproj", "{84D9FAA6-7BD9-47ED-862D-516FBF9C7050}"
EndProject
Global
	GlobalSection(SolutionConfigurationPlatforms) = preSolution
		Debug|Any CPU = Debug|Any CPU
		Release|Any CPU = Release|Any CPU
	EndGlobalSection
	GlobalSection(ProjectConfigurationPlatforms) = postSolution
		{84D9FAA6-7BD9-47ED-862D-516FBF9C7050}.Debug|Any CPU.ActiveCfg = Debug|Any CPU
		{84D9FAA6-7BD9-47ED-862D-516FBF9C7050}.Debug|Any CPU.Build.0 = Debug|Any CPU
		{84D9FAA6-7BD9-47ED-862D-516FBF9C7050}.Release|Any CPU.ActiveCfg = Release|Any CPU
		{84D9FAA6-7BD9-47ED-862D-516FBF9C7050}.Release|Any CPU.Build.0 = Release|Any CPU
	EndGlobalSection
	GlobalSection(SolutionProperties) = preSolution
		HideSolutionNode = FALSE
	EndGlobalSection
	GlobalSection(ExtensibilityGlobals) = postSolution
		SolutionGuid = {72D0311A-2A95-4F2F-9895-1451BA6A15B4}
	EndGlobalSection
EndGlobal
