
Microsoft Visual Studio Solution File, Format Version 12.00
# Visual Studio 15
VisualStudioVersion = 15.0.28307.645
MinimumVisualStudioVersion = 10.0.40219.1
Project("{FAE04EC0-301F-11D3-BF4B-00C04F79EFBC}") = "GozdeCommand", "GozdeCommand\GozdeCommand.csproj", "{80805434-6F89-4137-B53E-815B655B2488}"
EndProject
Global
	GlobalSection(SolutionConfigurationPlatforms) = preSolution
		Debug|Any CPU = Debug|Any CPU
		Release|Any CPU = Release|Any CPU
	EndGlobalSection
	GlobalSection(ProjectConfigurationPlatforms) = postSolution
		{80805434-6F89-4137-B53E-815B655B2488}.Debug|Any CPU.ActiveCfg = Debug|Any CPU
		{80805434-6F89-4137-B53E-815B655B2488}.Debug|Any CPU.Build.0 = Debug|Any CPU
		{80805434-6F89-4137-B53E-815B655B2488}.Release|Any CPU.ActiveCfg = Release|Any CPU
		{80805434-6F89-4137-B53E-815B655B2488}.Release|Any CPU.Build.0 = Release|Any CPU
	EndGlobalSection
	GlobalSection(SolutionProperties) = preSolution
		HideSolutionNode = FALSE
	EndGlobalSection
	GlobalSection(ExtensibilityGlobals) = postSolution
		SolutionGuid = {17C44338-F7B2-4771-A1AF-C5BD81AA5B25}
	EndGlobalSection
EndGlobal
